
Microsoft Visual Studio Solution File, Format Version 12.00
# Visual Studio Version 16
VisualStudioVersion = 16.0.30711.63
MinimumVisualStudioVersion = 10.0.40219.1
Project("{9A19103F-16F7-4668-BE54-9A1E7A4F7556}") = "VuforiaWebService.Api.Auth", "VuforiaWebService.Api.Auth\VuforiaWebService.Api.Auth.csproj", "{8CD438E8-5778-42E4-ACE2-06E2D4F4253F}"
EndProject
Project("{9A19103F-16F7-4668-BE54-9A1E7A4F7556}") = "VuforiaWebService.Api.Core", "VuforiaWebService.Api.Core\VuforiaWebService.Api.Core.csproj", "{D4E4217D-453B-4F89-B63F-22F1445AD484}"
EndProject
Project("{9A19103F-16F7-4668-BE54-9A1E7A4F7556}") = "VuforiaWebService.Api.Target", "VuforiaWebService.Api.Target\VuforiaWebService.Api.Target.csproj", "{73862FC9-352A-48E3-B17F-072F6468B033}"
EndProject
Project("{9A19103F-16F7-4668-BE54-9A1E7A4F7556}") = "VuforiaWebService.App.netcoreapp3.1", "VuforiaWebService.App.netcoreapp3.1\VuforiaWebService.App.netcoreapp3.1.csproj", "{E78DEA0C-518A-450D-B437-4DF450417106}"
EndProject
Global
	GlobalSection(SolutionConfigurationPlatforms) = preSolution
		Debug|Any CPU = Debug|Any CPU
		Release|Any CPU = Release|Any CPU
	EndGlobalSection
	GlobalSection(ProjectConfigurationPlatforms) = postSolution
		{8CD438E8-5778-42E4-ACE2-06E2D4F4253F}.Debug|Any CPU.ActiveCfg = Debug|Any CPU
		{8CD438E8-5778-42E4-ACE2-06E2D4F4253F}.Debug|Any CPU.Build.0 = Debug|Any CPU
		{8CD438E8-5778-42E4-ACE2-06E2D4F4253F}.Release|Any CPU.ActiveCfg = Release|Any CPU
		{8CD438E8-5778-42E4-ACE2-06E2D4F4253F}.Release|Any CPU.Build.0 = Release|Any CPU
		{D4E4217D-453B-4F89-B63F-22F1445AD484}.Debug|Any CPU.ActiveCfg = Debug|Any CPU
		{D4E4217D-453B-4F89-B63F-22F1445AD484}.Debug|Any CPU.Build.0 = Debug|Any CPU
		{D4E4217D-453B-4F89-B63F-22F1445AD484}.Release|Any CPU.ActiveCfg = Release|Any CPU
		{D4E4217D-453B-4F89-B63F-22F1445AD484}.Release|Any CPU.Build.0 = Release|Any CPU
		{73862FC9-352A-48E3-B17F-072F6468B033}.Debug|Any CPU.ActiveCfg = Debug|Any CPU
		{73862FC9-352A-48E3-B17F-072F6468B033}.Debug|Any CPU.Build.0 = Debug|Any CPU
		{73862FC9-352A-48E3-B17F-072F6468B033}.Release|Any CPU.ActiveCfg = Release|Any CPU
		{73862FC9-352A-48E3-B17F-072F6468B033}.Release|Any CPU.Build.0 = Release|Any CPU
		{E78DEA0C-518A-450D-B437-4DF450417106}.Debug|Any CPU.ActiveCfg = Debug|Any CPU
		{E78DEA0C-518A-450D-B437-4DF450417106}.Debug|Any CPU.Build.0 = Debug|Any CPU
		{E78DEA0C-518A-450D-B437-4DF450417106}.Release|Any CPU.ActiveCfg = Release|Any CPU
		{E78DEA0C-518A-450D-B437-4DF450417106}.Release|Any CPU.Build.0 = Release|Any CPU
	EndGlobalSection
	GlobalSection(SolutionProperties) = preSolution
		HideSolutionNode = FALSE
	EndGlobalSection
	GlobalSection(ExtensibilityGlobals) = postSolution
		SolutionGuid = {F1A95244-02F6-4521-A76A-67E543384CFA}
	EndGlobalSection
EndGlobal
